
Microsoft Visual Studio Solution File, Format Version 12.00
# Visual Studio Version 17
VisualStudioVersion = 17.7.34221.43
MinimumVisualStudioVersion = 10.0.40219.1
Project("{9A19103F-16F7-4668-BE54-9A1E7A4F7556}") = "Testing", "TestingCandidates\Testing.csproj", "{BB249E17-39CD-4F2A-B246-1ABDAD9417C6}"
EndProject
Global
	GlobalSection(SolutionConfigurationPlatforms) = preSolution
		Debug|Any CPU = Debug|Any CPU
		Release|Any CPU = Release|Any CPU
	EndGlobalSection
	GlobalSection(ProjectConfigurationPlatforms) = postSolution
		{BB249E17-39CD-4F2A-B246-1ABDAD9417C6}.Debug|Any CPU.ActiveCfg = Debug|Any CPU
		{BB249E17-39CD-4F2A-B246-1ABDAD9417C6}.Debug|Any CPU.Build.0 = Debug|Any CPU
		{BB249E17-39CD-4F2A-B246-1ABDAD9417C6}.Release|Any CPU.ActiveCfg = Release|Any CPU
		{BB249E17-39CD-4F2A-B246-1ABDAD9417C6}.Release|Any CPU.Build.0 = Release|Any CPU
	EndGlobalSection
	GlobalSection(SolutionProperties) = preSolution
		HideSolutionNode = FALSE
	EndGlobalSection
	GlobalSection(ExtensibilityGlobals) = postSolution
		SolutionGuid = {7F7C1D39-80D7-4D6A-A198-74542CAD600A}
	EndGlobalSection
EndGlobal
